{
  "name": "nodejs_demo",
  "version": "0.0.1",
  "lockfileVersion": 1,
  "requires": true,
  "dependencies": {
    "ms-toollib": {
      "version": "1.2.7-node",
      "resolved": "https://registry.npmjs.org/ms-toollib/-/ms-toollib-1.2.7-node.tgz",
      "integrity": "sha512-n7S1ehaTPsUOzWoJs3So8D4YHSU0PxWNVvKJwLUepyYWCllJHaj81jl6tWkdCWK7FNCA/O/bwQI6xY0IoHNrSw=="
    }
  }
}
